
Microsoft Visual Studio Solution File, Format Version 12.00
# Visual Studio Version 17
VisualStudioVersion = 17.4.33403.182
MinimumVisualStudioVersion = 10.0.40219.1
Project("{FAE04EC0-301F-11D3-BF4B-00C04F79EFBC}") = "WpfApp1", "WpfApp1\WpfApp1.csproj", "{62905046-63C1-4687-B891-6945E0A708F1}"
EndProject
Project("{FAE04EC0-301F-11D3-BF4B-00C04F79EFBC}") = "WpfApp2", "WpfApp2\WpfApp2.csproj", "{56D627EC-2E96-4F57-AD14-9A6F93E3A1A2}"
EndProject
Global
	GlobalSection(SolutionConfigurationPlatforms) = preSolution
		Debug|Any CPU = Debug|Any CPU
		Release|Any CPU = Release|Any CPU
	EndGlobalSection
	GlobalSection(ProjectConfigurationPlatforms) = postSolution
		{62905046-63C1-4687-B891-6945E0A708F1}.Debug|Any CPU.ActiveCfg = Debug|Any CPU
		{62905046-63C1-4687-B891-6945E0A708F1}.Debug|Any CPU.Build.0 = Debug|Any CPU
		{62905046-63C1-4687-B891-6945E0A708F1}.Release|Any CPU.ActiveCfg = Release|Any CPU
		{62905046-63C1-4687-B891-6945E0A708F1}.Release|Any CPU.Build.0 = Release|Any CPU
		{56D627EC-2E96-4F57-AD14-9A6F93E3A1A2}.Debug|Any CPU.ActiveCfg = Debug|Any CPU
		{56D627EC-2E96-4F57-AD14-9A6F93E3A1A2}.Debug|Any CPU.Build.0 = Debug|Any CPU
		{56D627EC-2E96-4F57-AD14-9A6F93E3A1A2}.Release|Any CPU.ActiveCfg = Release|Any CPU
		{56D627EC-2E96-4F57-AD14-9A6F93E3A1A2}.Release|Any CPU.Build.0 = Release|Any CPU
	EndGlobalSection
	GlobalSection(SolutionProperties) = preSolution
		HideSolutionNode = FALSE
	EndGlobalSection
	GlobalSection(ExtensibilityGlobals) = postSolution
		SolutionGuid = {BA0D5B49-1ACF-434A-AC5D-ECD6232E0C65}
	EndGlobalSection
EndGlobal
